
Microsoft Visual Studio Solution File, Format Version 12.00
# Visual Studio Version 17
VisualStudioVersion = 17.9.34723.18
MinimumVisualStudioVersion = 10.0.40219.1
Project("{FAE04EC0-301F-11D3-BF4B-00C04F79EFBC}") = "Zajecia1", "Zajecia1\Zajecia1.csproj", "{A52AF945-0091-46AA-B899-854EFF5869D6}"
EndProject
Global
	GlobalSection(SolutionConfigurationPlatforms) = preSolution
		Debug|Any CPU = Debug|Any CPU
		Release|Any CPU = Release|Any CPU
	EndGlobalSection
	GlobalSection(ProjectConfigurationPlatforms) = postSolution
		{A52AF945-0091-46AA-B899-854EFF5869D6}.Debug|Any CPU.ActiveCfg = Debug|Any CPU
		{A52AF945-0091-46AA-B899-854EFF5869D6}.Debug|Any CPU.Build.0 = Debug|Any CPU
		{A52AF945-0091-46AA-B899-854EFF5869D6}.Release|Any CPU.ActiveCfg = Release|Any CPU
		{A52AF945-0091-46AA-B899-854EFF5869D6}.Release|Any CPU.Build.0 = Release|Any CPU
	EndGlobalSection
	GlobalSection(SolutionProperties) = preSolution
		HideSolutionNode = FALSE
	EndGlobalSection
	GlobalSection(ExtensibilityGlobals) = postSolution
		SolutionGuid = {ACFF9452-B119-445A-8D84-6BFCCF26D075}
	EndGlobalSection
EndGlobal
